{
  "name": "building_composer",
  "version": "1.0.0",
  "lockfileVersion": 3,
  "requires": true,
  "packages": {
    "": {
      "name": "building_composer",
      "version": "1.0.0",
      "license": "ISC",
      "dependencies": {
        "straight-skeleton": "^3.0.0",
        "three": "^0.186.0"
      }
    },
    "node_modules/straight-skeleton": {
      "version": "3.0.0",
      "resolved": "https://registry.npmjs.org/straight-skeleton/-/straight-skeleton-3.0.0.tgz",
      "integrity": "sha512-XwL1vGE5L/S5BxWS9qEK4sKIo0BEzthKYkR9f9Yz/2Twtz/mIejc5khnTkEO12R2q/QndSsLnQ1gzsQ7STTSxw==",
      "license": "MIT"
    },
    "node_modules/three": {
      "version": "0.186.0",
      "resolved": "https://registry.npmjs.org/three/-/three-0.186.0.tgz",
      "integrity": "sha512-cr/fIM2ddMSVbYVgkfD4jLJv7Fh/8ZTjvo+7gQeSVGUZHxpx9FDwoL5iC7hUz/LiRA8wMbqfnb90xKfm1/HHkQ==",
      "license": "MIT"
    }
  }
}
